
Microsoft Visual Studio Solution File, Format Version 12.00
# Visual Studio 15
VisualStudioVersion = 15.0.28307.572
MinimumVisualStudioVersion = 10.0.40219.1
Project("{888888A0-9F3D-457C-B088-3A5042F75D52}") = "Entity Extarction using spacy", "Entity Extarction using spacy\Entity Extarction using spacy.pyproj", "{00A7C9FB-B9C9-4D06-8FFD-E03C485C5013}"
EndProject
Global
	GlobalSection(SolutionConfigurationPlatforms) = preSolution
		Debug|Any CPU = Debug|Any CPU
		Release|Any CPU = Release|Any CPU
	EndGlobalSection
	GlobalSection(ProjectConfigurationPlatforms) = postSolution
		{00A7C9FB-B9C9-4D06-8FFD-E03C485C5013}.Debug|Any CPU.ActiveCfg = Debug|Any CPU
		{00A7C9FB-B9C9-4D06-8FFD-E03C485C5013}.Release|Any CPU.ActiveCfg = Release|Any CPU
	EndGlobalSection
	GlobalSection(SolutionProperties) = preSolution
		HideSolutionNode = FALSE
	EndGlobalSection
	GlobalSection(ExtensibilityGlobals) = postSolution
		SolutionGuid = {68B00BF6-7CD8-4EC2-9AFC-1D2F05565E8F}
	EndGlobalSection
EndGlobal
